// !$*UTF8*$!
{
	archiveVersion = 1;
	classes = {
	};
	objectVersion = 56;
	objects = {

/* Begin PBXBuildFile section */
		6AB7FDE92AC7785400EFC150 /* AppDelegate.swift in Sources */ = {isa = PBXBuildFile; fileRef = 6AB7FDE82AC7785400EFC150 /* AppDelegate.swift */; };
		6AB7FDEB2AC7785400EFC150 /* SceneDelegate.swift in Sources */ = {isa = PBXBuildFile; fileRef = 6AB7FDEA2AC7785400EFC150 /* SceneDelegate.swift */; };
		6AB7FDED2AC7785400EFC150 /* RMTabBarViewController.swift in Sources */ = {isa = PBXBuildFile; fileRef = 6AB7FDEC2AC7785400EFC150 /* RMTabBarViewController.swift */; };
		6AB7FDF22AC7785500EFC150 /* Assets.xcassets in Resources */ = {isa = PBXBuildFile; fileRef = 6AB7FDF12AC7785500EFC150 /* Assets.xcassets */; };
		6AB7FDF52AC7785500EFC150 /* LaunchScreen.storyboard in Resources */ = {isa = PBXBuildFile; fileRef = 6AB7FDF32AC7785500EFC150 /* LaunchScreen.storyboard */; };
		6AB7FE042AC7810000EFC150 /* RMLocation.swift in Sources */ = {isa = PBXBuildFile; fileRef = 6AB7FE032AC7810000EFC150 /* RMLocation.swift */; };
		6AB7FE062AC7810F00EFC150 /* RMCharacter.swift in Sources */ = {isa = PBXBuildFile; fileRef = 6AB7FE052AC7810F00EFC150 /* RMCharacter.swift */; };
		6AB7FE082AC7811E00EFC150 /* RMEpisode.swift in Sources */ = {isa = PBXBuildFile; fileRef = 6AB7FE072AC7811E00EFC150 /* RMEpisode.swift */; };
		6AB7FE0B2AC781F300EFC150 /* RMCharacterViewController.swift in Sources */ = {isa = PBXBuildFile; fileRef = 6AB7FE0A2AC781F300EFC150 /* RMCharacterViewController.swift */; };
		6AB7FE0D2AC7820400EFC150 /* RMEpisodeViewController.swift in Sources */ = {isa = PBXBuildFile; fileRef = 6AB7FE0C2AC7820400EFC150 /* RMEpisodeViewController.swift */; };
		6AB7FE0F2AC7821600EFC150 /* RMSettingsViewController.swift in Sources */ = {isa = PBXBuildFile; fileRef = 6AB7FE0E2AC7821600EFC150 /* RMSettingsViewController.swift */; };
		6AB7FE112AC7822100EFC150 /* RMLocationViewController.swift in Sources */ = {isa = PBXBuildFile; fileRef = 6AB7FE102AC7822100EFC150 /* RMLocationViewController.swift */; };
		6AD0644F2AC9131300C14105 /* RMRequest.swift in Sources */ = {isa = PBXBuildFile; fileRef = 6AD0644C2AC9131300C14105 /* RMRequest.swift */; };
		6AD064502AC9131300C14105 /* RMService.swift in Sources */ = {isa = PBXBuildFile; fileRef = 6AD0644D2AC9131300C14105 /* RMService.swift */; };
		6AD064512AC9131300C14105 /* RMEndpoint.swift in Sources */ = {isa = PBXBuildFile; fileRef = 6AD0644E2AC9131300C14105 /* RMEndpoint.swift */; };
		6AD064532AC916E100C14105 /* RMOrigin.swift in Sources */ = {isa = PBXBuildFile; fileRef = 6AD064522AC916E100C14105 /* RMOrigin.swift */; };
		6AD064552AC9174700C14105 /* RMSingleLocation.swift in Sources */ = {isa = PBXBuildFile; fileRef = 6AD064542AC9174700C14105 /* RMSingleLocation.swift */; };
		6AD064572AC9184E00C14105 /* RMCharacterStatus.swift in Sources */ = {isa = PBXBuildFile; fileRef = 6AD064562AC9184E00C14105 /* RMCharacterStatus.swift */; };
		6AD064592AC9187200C14105 /* RMCharacterGender.swift in Sources */ = {isa = PBXBuildFile; fileRef = 6AD064582AC9187200C14105 /* RMCharacterGender.swift */; };
/* End PBXBuildFile section */

/* Begin PBXFileReference section */
		6AB7FDE52AC7785400EFC150 /* RickAndMorty.app */ = {isa = PBXFileReference; explicitFileType = wrapper.application; includeInIndex = 0; path = RickAndMorty.app; sourceTree = BUILT_PRODUCTS_DIR; };
		6AB7FDE82AC7785400EFC150 /* AppDelegate.swift */ = {isa = PBXFileReference; lastKnownFileType = sourcecode.swift; path = AppDelegate.swift; sourceTree = "<group>"; };
		6AB7FDEA2AC7785400EFC150 /* SceneDelegate.swift */ = {isa = PBXFileReference; lastKnownFileType = sourcecode.swift; path = SceneDelegate.swift; sourceTree = "<group>"; };
		6AB7FDEC2AC7785400EFC150 /* RMTabBarViewController.swift */ = {isa = PBXFileReference; lastKnownFileType = sourcecode.swift; path = RMTabBarViewController.swift; sourceTree = "<group>"; };
		6AB7FDF12AC7785500EFC150 /* Assets.xcassets */ = {isa = PBXFileReference; lastKnownFileType = folder.assetcatalog; path = Assets.xcassets; sourceTree = "<group>"; };
		6AB7FDF42AC7785500EFC150 /* Base */ = {isa = PBXFileReference; lastKnownFileType = file.storyboard; name = Base; path = Base.lproj/LaunchScreen.storyboard; sourceTree = "<group>"; };
		6AB7FDF62AC7785500EFC150 /* Info.plist */ = {isa = PBXFileReference; lastKnownFileType = text.plist.xml; path = Info.plist; sourceTree = "<group>"; };
		6AB7FE032AC7810000EFC150 /* RMLocation.swift */ = {isa = PBXFileReference; lastKnownFileType = sourcecode.swift; path = RMLocation.swift; sourceTree = "<group>"; };
		6AB7FE052AC7810F00EFC150 /* RMCharacter.swift */ = {isa = PBXFileReference; lastKnownFileType = sourcecode.swift; path = RMCharacter.swift; sourceTree = "<group>"; };
		6AB7FE072AC7811E00EFC150 /* RMEpisode.swift */ = {isa = PBXFileReference; lastKnownFileType = sourcecode.swift; path = RMEpisode.swift; sourceTree = "<group>"; };
		6AB7FE0A2AC781F300EFC150 /* RMCharacterViewController.swift */ = {isa = PBXFileReference; lastKnownFileType = sourcecode.swift; path = RMCharacterViewController.swift; sourceTree = "<group>"; };
		6AB7FE0C2AC7820400EFC150 /* RMEpisodeViewController.swift */ = {isa = PBXFileReference; lastKnownFileType = sourcecode.swift; path = RMEpisodeViewController.swift; sourceTree = "<group>"; };
		6AB7FE0E2AC7821600EFC150 /* RMSettingsViewController.swift */ = {isa = PBXFileReference; lastKnownFileType = sourcecode.swift; path = RMSettingsViewController.swift; sourceTree = "<group>"; };
		6AB7FE102AC7822100EFC150 /* RMLocationViewController.swift */ = {isa = PBXFileReference; lastKnownFileType = sourcecode.swift; path = RMLocationViewController.swift; sourceTree = "<group>"; };
		6AD0644C2AC9131300C14105 /* RMRequest.swift */ = {isa = PBXFileReference; fileEncoding = 4; lastKnownFileType = sourcecode.swift; path = RMRequest.swift; sourceTree = "<group>"; };
		6AD0644D2AC9131300C14105 /* RMService.swift */ = {isa = PBXFileReference; fileEncoding = 4; lastKnownFileType = sourcecode.swift; path = RMService.swift; sourceTree = "<group>"; };
		6AD0644E2AC9131300C14105 /* RMEndpoint.swift */ = {isa = PBXFileReference; fileEncoding = 4; lastKnownFileType = sourcecode.swift; path = RMEndpoint.swift; sourceTree = "<group>"; };
		6AD064522AC916E100C14105 /* RMOrigin.swift */ = {isa = PBXFileReference; lastKnownFileType = sourcecode.swift; path = RMOrigin.swift; sourceTree = "<group>"; };
		6AD064542AC9174700C14105 /* RMSingleLocation.swift */ = {isa = PBXFileReference; lastKnownFileType = sourcecode.swift; path = RMSingleLocation.swift; sourceTree = "<group>"; };
		6AD064562AC9184E00C14105 /* RMCharacterStatus.swift */ = {isa = PBXFileReference; lastKnownFileType = sourcecode.swift; path = RMCharacterStatus.swift; sourceTree = "<group>"; };
		6AD064582AC9187200C14105 /* RMCharacterGender.swift */ = {isa = PBXFileReference; lastKnownFileType = sourcecode.swift; path = RMCharacterGender.swift; sourceTree = "<group>"; };
/* End PBXFileReference section */

/* Begin PBXFrameworksBuildPhase section */
		6AB7FDE22AC7785400EFC150 /* Frameworks */ = {
			isa = PBXFrameworksBuildPhase;
			buildActionMask = 2147483647;
			files = (
			);
			runOnlyForDeploymentPostprocessing = 0;
		};
/* End PBXFrameworksBuildPhase section */

/* Begin PBXGroup section */
		6AB7FDDC2AC7785400EFC150 = {
			isa = PBXGroup;
			children = (
				6AB7FDE62AC7785400EFC150 /* Products */,
				6AB7FDE72AC7785400EFC150 /* RickAndMorty */,
			);
			sourceTree = "<group>";
		};
		6AB7FDE62AC7785400EFC150 /* Products */ = {
			isa = PBXGroup;
			children = (
				6AB7FDE52AC7785400EFC150 /* RickAndMorty.app */,
			);
			name = Products;
			sourceTree = "<group>";
		};
		6AB7FDE72AC7785400EFC150 /* RickAndMorty */ = {
			isa = PBXGroup;
			children = (
				6AB7FE022AC7800600EFC150 /* Resources */,
				6AB7FE012AC77FF500EFC150 /* APIClient */,
				6AB7FE002AC77FE800EFC150 /* Managers */,
				6AB7FDFF2AC77FBB00EFC150 /* Models */,
				6AB7FDFE2AC77FA500EFC150 /* ViewModels */,
				6AB7FDFD2AC77F9E00EFC150 /* Views */,
				6AB7FDFC2AC77F8B00EFC150 /* Controllers */,
				6AB7FDF62AC7785500EFC150 /* Info.plist */,
			);
			path = RickAndMorty;
			sourceTree = "<group>";
		};
		6AB7FDFC2AC77F8B00EFC150 /* Controllers */ = {
			isa = PBXGroup;
			children = (
				6AB7FE092AC781A200EFC150 /* Core */,
			);
			path = Controllers;
			sourceTree = "<group>";
		};
		6AB7FDFD2AC77F9E00EFC150 /* Views */ = {
			isa = PBXGroup;
			children = (
			);
			path = Views;
			sourceTree = "<group>";
		};
		6AB7FDFE2AC77FA500EFC150 /* ViewModels */ = {
			isa = PBXGroup;
			children = (
			);
			path = ViewModels;
			sourceTree = "<group>";
		};
		6AB7FDFF2AC77FBB00EFC150 /* Models */ = {
			isa = PBXGroup;
			children = (
				6AB7FE052AC7810F00EFC150 /* RMCharacter.swift */,
				6AD064582AC9187200C14105 /* RMCharacterGender.swift */,
				6AD064562AC9184E00C14105 /* RMCharacterStatus.swift */,
				6AB7FE072AC7811E00EFC150 /* RMEpisode.swift */,
				6AB7FE032AC7810000EFC150 /* RMLocation.swift */,
				6AD064522AC916E100C14105 /* RMOrigin.swift */,
				6AD064542AC9174700C14105 /* RMSingleLocation.swift */,
			);
			path = Models;
			sourceTree = "<group>";
		};
		6AB7FE002AC77FE800EFC150 /* Managers */ = {
			isa = PBXGroup;
			children = (
			);
			path = Managers;
			sourceTree = "<group>";
		};
		6AB7FE012AC77FF500EFC150 /* APIClient */ = {
			isa = PBXGroup;
			children = (
				6AD0644E2AC9131300C14105 /* RMEndpoint.swift */,
				6AD0644C2AC9131300C14105 /* RMRequest.swift */,
				6AD0644D2AC9131300C14105 /* RMService.swift */,
			);
			path = APIClient;
			sourceTree = "<group>";
		};
		6AB7FE022AC7800600EFC150 /* Resources */ = {
			isa = PBXGroup;
			children = (
				6AB7FDF12AC7785500EFC150 /* Assets.xcassets */,
				6AB7FDF32AC7785500EFC150 /* LaunchScreen.storyboard */,
				6AB7FDE82AC7785400EFC150 /* AppDelegate.swift */,
				6AB7FDEA2AC7785400EFC150 /* SceneDelegate.swift */,
			);
			path = Resources;
			sourceTree = "<group>";
		};
		6AB7FE092AC781A200EFC150 /* Core */ = {
			isa = PBXGroup;
			children = (
				6AB7FE0A2AC781F300EFC150 /* RMCharacterViewController.swift */,
				6AB7FE0C2AC7820400EFC150 /* RMEpisodeViewController.swift */,
				6AB7FE102AC7822100EFC150 /* RMLocationViewController.swift */,
				6AB7FE0E2AC7821600EFC150 /* RMSettingsViewController.swift */,
				6AB7FDEC2AC7785400EFC150 /* RMTabBarViewController.swift */,
			);
			path = Core;
			sourceTree = "<group>";
		};
/* End PBXGroup section */

/* Begin PBXNativeTarget section */
		6AB7FDE42AC7785400EFC150 /* RickAndMorty */ = {
			isa = PBXNativeTarget;
			buildConfigurationList = 6AB7FDF92AC7785500EFC150 /* Build configuration list for PBXNativeTarget "RickAndMorty" */;
			buildPhases = (
				6AB7FDE12AC7785400EFC150 /* Sources */,
				6AB7FDE22AC7785400EFC150 /* Frameworks */,
				6AB7FDE32AC7785400EFC150 /* Resources */,
			);
			buildRules = (
			);
			dependencies = (
			);
			name = RickAndMorty;
			productName = RickAndMorty;
			productReference = 6AB7FDE52AC7785400EFC150 /* RickAndMorty.app */;
			productType = "com.apple.product-type.application";
		};
/* End PBXNativeTarget section */

/* Begin PBXProject section */
		6AB7FDDD2AC7785400EFC150 /* Project object */ = {
			isa = PBXProject;
			attributes = {
				BuildIndependentTargetsInParallel = 1;
				LastSwiftUpdateCheck = 1500;
				LastUpgradeCheck = 1500;
				TargetAttributes = {
					6AB7FDE42AC7785400EFC150 = {
						CreatedOnToolsVersion = 15.0;
					};
				};
			};
			buildConfigurationList = 6AB7FDE02AC7785400EFC150 /* Build configuration list for PBXProject "RickAndMorty" */;
			compatibilityVersion = "Xcode 14.0";
			developmentRegion = en;
			hasScannedForEncodings = 0;
			knownRegions = (
				en,
				Base,
			);
			mainGroup = 6AB7FDDC2AC7785400EFC150;
			productRefGroup = 6AB7FDE62AC7785400EFC150 /* Products */;
			projectDirPath = "";
			projectRoot = "";
			targets = (
				6AB7FDE42AC7785400EFC150 /* RickAndMorty */,
			);
		};
/* End PBXProject section */

/* Begin PBXResourcesBuildPhase section */
		6AB7FDE32AC7785400EFC150 /* Resources */ = {
			isa = PBXResourcesBuildPhase;
			buildActionMask = 2147483647;
			files = (
				6AB7FDF52AC7785500EFC150 /* LaunchScreen.storyboard in Resources */,
				6AB7FDF22AC7785500EFC150 /* Assets.xcassets in Resources */,
			);
			runOnlyForDeploymentPostprocessing = 0;
		};
/* End PBXResourcesBuildPhase section */

/* Begin PBXSourcesBuildPhase section */
		6AB7FDE12AC7785400EFC150 /* Sources */ = {
			isa = PBXSourcesBuildPhase;
			buildActionMask = 2147483647;
			files = (
				6AD064532AC916E100C14105 /* RMOrigin.swift in Sources */,
				6AD064552AC9174700C14105 /* RMSingleLocation.swift in Sources */,
				6AD064572AC9184E00C14105 /* RMCharacterStatus.swift in Sources */,
				6AD064592AC9187200C14105 /* RMCharacterGender.swift in Sources */,
				6AB7FE0F2AC7821600EFC150 /* RMSettingsViewController.swift in Sources */,
				6AB7FE082AC7811E00EFC150 /* RMEpisode.swift in Sources */,
				6AD064502AC9131300C14105 /* RMService.swift in Sources */,
				6AB7FDED2AC7785400EFC150 /* RMTabBarViewController.swift in Sources */,
				6AB7FDE92AC7785400EFC150 /* AppDelegate.swift in Sources */,
				6AB7FE062AC7810F00EFC150 /* RMCharacter.swift in Sources */,
				6AB7FDEB2AC7785400EFC150 /* SceneDelegate.swift in Sources */,
				6AB7FE112AC7822100EFC150 /* RMLocationViewController.swift in Sources */,
				6AB7FE042AC7810000EFC150 /* RMLocation.swift in Sources */,
				6AD064512AC9131300C14105 /* RMEndpoint.swift in Sources */,
				6AB7FE0B2AC781F300EFC150 /* RMCharacterViewController.swift in Sources */,
				6AD0644F2AC9131300C14105 /* RMRequest.swift in Sources */,
				6AB7FE0D2AC7820400EFC150 /* RMEpisodeViewController.swift in Sources */,
			);
			runOnlyForDeploymentPostprocessing = 0;
		};
/* End PBXSourcesBuildPhase section */

/* Begin PBXVariantGroup section */
		6AB7FDF32AC7785500EFC150 /* LaunchScreen.storyboard */ = {
			isa = PBXVariantGroup;
			children = (
				6AB7FDF42AC7785500EFC150 /* Base */,
			);
			name = LaunchScreen.storyboard;
			sourceTree = "<group>";
		};
/* End PBXVariantGroup section */

/* Begin XCBuildConfiguration section */
		6AB7FDF72AC7785500EFC150 /* Debug */ = {
			isa = XCBuildConfiguration;
			buildSettings = {
				ALWAYS_SEARCH_USER_PATHS = NO;
				ASSETCATALOG_COMPILER_GENERATE_SWIFT_ASSET_SYMBOL_EXTENSIONS = YES;
				CLANG_ANALYZER_NONNULL = YES;
				CLANG_ANALYZER_NUMBER_OBJECT_CONVERSION = YES_AGGRESSIVE;
				CLANG_CXX_LANGUAGE_STANDARD = "gnu++20";
				CLANG_ENABLE_MODULES = YES;
				CLANG_ENABLE_OBJC_ARC = YES;
				CLANG_ENABLE_OBJC_WEAK = YES;
				CLANG_WARN_BLOCK_CAPTURE_AUTORELEASING = YES;
				CLANG_WARN_BOOL_CONVERSION = YES;
				CLANG_WARN_COMMA = YES;
				CLANG_WARN_CONSTANT_CONVERSION = YES;
				CLANG_WARN_DEPRECATED_OBJC_IMPLEMENTATIONS = YES;
				CLANG_WARN_DIRECT_OBJC_ISA_USAGE = YES_ERROR;
				CLANG_WARN_DOCUMENTATION_COMMENTS = YES;
				CLANG_WARN_EMPTY_BODY = YES;
				CLANG_WARN_ENUM_CONVERSION = YES;
				CLANG_WARN_INFINITE_RECURSION = YES;
				CLANG_WARN_INT_CONVERSION = YES;
				CLANG_WARN_NON_LITERAL_NULL_CONVERSION = YES;
				CLANG_WARN_OBJC_IMPLICIT_RETAIN_SELF = YES;
				CLANG_WARN_OBJC_LITERAL_CONVERSION = YES;
				CLANG_WARN_OBJC_ROOT_CLASS = YES_ERROR;
				CLANG_WARN_QUOTED_INCLUDE_IN_FRAMEWORK_HEADER = YES;
				CLANG_WARN_RANGE_LOOP_ANALYSIS = YES;
				CLANG_WARN_STRICT_PROTOTYPES = YES;
				CLANG_WARN_SUSPICIOUS_MOVE = YES;
				CLANG_WARN_UNGUARDED_AVAILABILITY = YES_AGGRESSIVE;
				CLANG_WARN_UNREACHABLE_CODE = YES;
				CLANG_WARN__DUPLICATE_METHOD_MATCH = YES;
				COPY_PHASE_STRIP = NO;
				DEBUG_INFORMATION_FORMAT = dwarf;
				ENABLE_STRICT_OBJC_MSGSEND = YES;
				ENABLE_TESTABILITY = YES;
				ENABLE_USER_SCRIPT_SANDBOXING = YES;
				GCC_C_LANGUAGE_STANDARD = gnu17;
				GCC_DYNAMIC_NO_PIC = NO;
				GCC_NO_COMMON_BLOCKS = YES;
				GCC_OPTIMIZATION_LEVEL = 0;
				GCC_PREPROCESSOR_DEFINITIONS = (
					"DEBUG=1",
					"$(inherited)",
				);
				GCC_WARN_64_TO_32_BIT_CONVERSION = YES;
				GCC_WARN_ABOUT_RETURN_TYPE = YES_ERROR;
				GCC_WARN_UNDECLARED_SELECTOR = YES;
				GCC_WARN_UNINITIALIZED_AUTOS = YES_AGGRESSIVE;
				GCC_WARN_UNUSED_FUNCTION = YES;
				GCC_WARN_UNUSED_VARIABLE = YES;
				IPHONEOS_DEPLOYMENT_TARGET = 17.0;
				LOCALIZATION_PREFERS_STRING_CATALOGS = YES;
				MTL_ENABLE_DEBUG_INFO = INCLUDE_SOURCE;
				MTL_FAST_MATH = YES;
				ONLY_ACTIVE_ARCH = YES;
				SDKROOT = iphoneos;
				SWIFT_ACTIVE_COMPILATION_CONDITIONS = "DEBUG $(inherited)";
				SWIFT_OPTIMIZATION_LEVEL = "-Onone";
			};
			name = Debug;
		};
		6AB7FDF82AC7785500EFC150 /* Release */ = {
			isa = XCBuildConfiguration;
			buildSettings = {
				ALWAYS_SEARCH_USER_PATHS = NO;
				ASSETCATALOG_COMPILER_GENERATE_SWIFT_ASSET_SYMBOL_EXTENSIONS = YES;
				CLANG_ANALYZER_NONNULL = YES;
				CLANG_ANALYZER_NUMBER_OBJECT_CONVERSION = YES_AGGRESSIVE;
				CLANG_CXX_LANGUAGE_STANDARD = "gnu++20";
				CLANG_ENABLE_MODULES = YES;
				CLANG_ENABLE_OBJC_ARC = YES;
				CLANG_ENABLE_OBJC_WEAK = YES;
				CLANG_WARN_BLOCK_CAPTURE_AUTORELEASING = YES;
				CLANG_WARN_BOOL_CONVERSION = YES;
				CLANG_WARN_COMMA = YES;
				CLANG_WARN_CONSTANT_CONVERSION = YES;
				CLANG_WARN_DEPRECATED_OBJC_IMPLEMENTATIONS = YES;
				CLANG_WARN_DIRECT_OBJC_ISA_USAGE = YES_ERROR;
				CLANG_WARN_DOCUMENTATION_COMMENTS = YES;
				CLANG_WARN_EMPTY_BODY = YES;
				CLANG_WARN_ENUM_CONVERSION = YES;
				CLANG_WARN_INFINITE_RECURSION = YES;
				CLANG_WARN_INT_CONVERSION = YES;
				CLANG_WARN_NON_LITERAL_NULL_CONVERSION = YES;
				CLANG_WARN_OBJC_IMPLICIT_RETAIN_SELF = YES;
				CLANG_WARN_OBJC_LITERAL_CONVERSION = YES;
				CLANG_WARN_OBJC_ROOT_CLASS = YES_ERROR;
				CLANG_WARN_QUOTED_INCLUDE_IN_FRAMEWORK_HEADER = YES;
				CLANG_WARN_RANGE_LOOP_ANALYSIS = YES;
				CLANG_WARN_STRICT_PROTOTYPES = YES;
				CLANG_WARN_SUSPICIOUS_MOVE = YES;
				CLANG_WARN_UNGUARDED_AVAILABILITY = YES_AGGRESSIVE;
				CLANG_WARN_UNREACHABLE_CODE = YES;
				CLANG_WARN__DUPLICATE_METHOD_MATCH = YES;
				COPY_PHASE_STRIP = NO;
				DEBUG_INFORMATION_FORMAT = "dwarf-with-dsym";
				ENABLE_NS_ASSERTIONS = NO;
				ENABLE_STRICT_OBJC_MSGSEND = YES;
				ENABLE_USER_SCRIPT_SANDBOXING = YES;
				GCC_C_LANGUAGE_STANDARD = gnu17;
				GCC_NO_COMMON_BLOCKS = YES;
				GCC_WARN_64_TO_32_BIT_CONVERSION = YES;
				GCC_WARN_ABOUT_RETURN_TYPE = YES_ERROR;
				GCC_WARN_UNDECLARED_SELECTOR = YES;
				GCC_WARN_UNINITIALIZED_AUTOS = YES_AGGRESSIVE;
				GCC_WARN_UNUSED_FUNCTION = YES;
				GCC_WARN_UNUSED_VARIABLE = YES;
				IPHONEOS_DEPLOYMENT_TARGET = 17.0;
				LOCALIZATION_PREFERS_STRING_CATALOGS = YES;
				MTL_ENABLE_DEBUG_INFO = NO;
				MTL_FAST_MATH = YES;
				SDKROOT = iphoneos;
				SWIFT_COMPILATION_MODE = wholemodule;
				VALIDATE_PRODUCT = YES;
			};
			name = Release;
		};
		6AB7FDFA2AC7785500EFC150 /* Debug */ = {
			isa = XCBuildConfiguration;
			buildSettings = {
				ASSETCATALOG_COMPILER_APPICON_NAME = AppIcon;
				ASSETCATALOG_COMPILER_GLOBAL_ACCENT_COLOR_NAME = AccentColor;
				CODE_SIGN_STYLE = Automatic;
				CURRENT_PROJECT_VERSION = 1;
				DEVELOPMENT_TEAM = 7XV3A4M359;
				GENERATE_INFOPLIST_FILE = YES;
				INFOPLIST_FILE = RickAndMorty/Info.plist;
				INFOPLIST_KEY_UIApplicationSupportsIndirectInputEvents = YES;
				INFOPLIST_KEY_UILaunchStoryboardName = LaunchScreen;
				INFOPLIST_KEY_UISupportedInterfaceOrientations_iPad = "UIInterfaceOrientationPortrait UIInterfaceOrientationPortraitUpsideDown UIInterfaceOrientationLandscapeLeft UIInterfaceOrientationLandscapeRight";
				INFOPLIST_KEY_UISupportedInterfaceOrientations_iPhone = "UIInterfaceOrientationPortrait UIInterfaceOrientationLandscapeLeft UIInterfaceOrientationLandscapeRight";
				IPHONEOS_DEPLOYMENT_TARGET = 17.0;
				LD_RUNPATH_SEARCH_PATHS = (
					"$(inherited)",
					"@executable_path/Frameworks",
				);
				MARKETING_VERSION = 1.0;
				PRODUCT_BUNDLE_IDENTIFIER = io.iosacademy.RickAndMorty;
				PRODUCT_NAME = "$(TARGET_NAME)";
				SWIFT_EMIT_LOC_STRINGS = YES;
				SWIFT_VERSION = 5.0;
				TARGETED_DEVICE_FAMILY = "1,2";
			};
			name = Debug;
		};
		6AB7FDFB2AC7785500EFC150 /* Release */ = {
			isa = XCBuildConfiguration;
			buildSettings = {
				ASSETCATALOG_COMPILER_APPICON_NAME = AppIcon;
				ASSETCATALOG_COMPILER_GLOBAL_ACCENT_COLOR_NAME = AccentColor;
				CODE_SIGN_STYLE = Automatic;
				CURRENT_PROJECT_VERSION = 1;
				DEVELOPMENT_TEAM = 7XV3A4M359;
				GENERATE_INFOPLIST_FILE = YES;
				INFOPLIST_FILE = RickAndMorty/Info.plist;
				INFOPLIST_KEY_UIApplicationSupportsIndirectInputEvents = YES;
				INFOPLIST_KEY_UILaunchStoryboardName = LaunchScreen;
				INFOPLIST_KEY_UISupportedInterfaceOrientations_iPad = "UIInterfaceOrientationPortrait UIInterfaceOrientationPortraitUpsideDown UIInterfaceOrientationLandscapeLeft UIInterfaceOrientationLandscapeRight";
				INFOPLIST_KEY_UISupportedInterfaceOrientations_iPhone = "UIInterfaceOrientationPortrait UIInterfaceOrientationLandscapeLeft UIInterfaceOrientationLandscapeRight";
				IPHONEOS_DEPLOYMENT_TARGET = 17.0;
				LD_RUNPATH_SEARCH_PATHS = (
					"$(inherited)",
					"@executable_path/Frameworks",
				);
				MARKETING_VERSION = 1.0;
				PRODUCT_BUNDLE_IDENTIFIER = io.iosacademy.RickAndMorty;
				PRODUCT_NAME = "$(TARGET_NAME)";
				SWIFT_EMIT_LOC_STRINGS = YES;
				SWIFT_VERSION = 5.0;
				TARGETED_DEVICE_FAMILY = "1,2";
			};
			name = Release;
		};
/* End XCBuildConfiguration section */

/* Begin XCConfigurationList section */
		6AB7FDE02AC7785400EFC150 /* Build configuration list for PBXProject "RickAndMorty" */ = {
			isa = XCConfigurationList;
			buildConfigurations = (
				6AB7FDF72AC7785500EFC150 /* Debug */,
				6AB7FDF82AC7785500EFC150 /* Release */,
			);
			defaultConfigurationIsVisible = 0;
			defaultConfigurationName = Release;
		};
		6AB7FDF92AC7785500EFC150 /* Build configuration list for PBXNativeTarget "RickAndMorty" */ = {
			isa = XCConfigurationList;
			buildConfigurations = (
				6AB7FDFA2AC7785500EFC150 /* Debug */,
				6AB7FDFB2AC7785500EFC150 /* Release */,
			);
			defaultConfigurationIsVisible = 0;
			defaultConfigurationName = Release;
		};
/* End XCConfigurationList section */
	};
	rootObject = 6AB7FDDD2AC7785400EFC150 /* Project object */;
}
